
Microsoft Visual Studio Solution File, Format Version 12.00
# Visual Studio Version 17
VisualStudioVersion = 17.10.35013.160
MinimumVisualStudioVersion = 10.0.40219.1
Project("{FAE04EC0-301F-11D3-BF4B-00C04F79EFBC}") = "Guess Game", "Guess Game\Guess Game.csproj", "{4E7B1B49-592E-48D4-9CAD-590C6CE34A90}"
EndProject
Global
	GlobalSection(SolutionConfigurationPlatforms) = preSolution
		Debug|Any CPU = Debug|Any CPU
		Release|Any CPU = Release|Any CPU
	EndGlobalSection
	GlobalSection(ProjectConfigurationPlatforms) = postSolution
		{4E7B1B49-592E-48D4-9CAD-590C6CE34A90}.Debug|Any CPU.ActiveCfg = Debug|Any CPU
		{4E7B1B49-592E-48D4-9CAD-590C6CE34A90}.Debug|Any CPU.Build.0 = Debug|Any CPU
		{4E7B1B49-592E-48D4-9CAD-590C6CE34A90}.Release|Any CPU.ActiveCfg = Release|Any CPU
		{4E7B1B49-592E-48D4-9CAD-590C6CE34A90}.Release|Any CPU.Build.0 = Release|Any CPU
	EndGlobalSection
	GlobalSection(SolutionProperties) = preSolution
		HideSolutionNode = FALSE
	EndGlobalSection
	GlobalSection(ExtensibilityGlobals) = postSolution
		SolutionGuid = {51162D15-8E5D-4F56-BC11-4F0D2ECEA9AC}
	EndGlobalSection
EndGlobal
